
Microsoft Visual Studio Solution File, Format Version 12.00
# Visual Studio Version 17
VisualStudioVersion = 17.0.32112.339
MinimumVisualStudioVersion = 10.0.40219.1
Project("{2150E333-8FDC-42A3-9474-1A3956D46DE8}") = "src", "src", "{3534A992-81D8-47B7-BB91-EE9D4749C50E}"
EndProject
Project("{2150E333-8FDC-42A3-9474-1A3956D46DE8}") = "1. Host", "1. Host", "{13563E11-9FE9-4F1B-BCA9-07B3D133E24A}"
EndProject
Project("{2150E333-8FDC-42A3-9474-1A3956D46DE8}") = "2. Application Layer", "2. Application Layer", "{A7FAFD83-21DE-4092-ADA9-993A4E17D24F}"
EndProject
Project("{2150E333-8FDC-42A3-9474-1A3956D46DE8}") = "3. Service Domain Layer", "3. Service Domain Layer", "{2AF14ABE-72BC-490B-BE23-C5652F198804}"
EndProject
Project("{2150E333-8FDC-42A3-9474-1A3956D46DE8}") = "4. Infrastucture Layer", "4. Infrastucture Layer", "{67D3ED35-275F-48F6-8E93-C8315C6101E7}"
EndProject
Project("{2150E333-8FDC-42A3-9474-1A3956D46DE8}") = "5. Test Layer", "5. Test Layer", "{D6FEE430-FAF2-48EC-8CD5-02213D6F0C43}"
EndProject
Project("{2150E333-8FDC-42A3-9474-1A3956D46DE8}") = "1. Messages", "1. Messages", "{EEEFA295-9D82-4C1F-B803-0C3288E22CBD}"
EndProject
Project("{2150E333-8FDC-42A3-9474-1A3956D46DE8}") = "2. Services", "2. Services", "{3EFC2CD6-F57F-4919-80B1-61C035D2539C}"
EndProject
Project("{9A19103F-16F7-4668-BE54-9A1E7A4F7556}") = "TwitterAnalysis.Application.Services", "TwitterAnalysis.Application.Services\TwitterAnalysis.Application.Services.csproj", "{B80CA537-87E2-4222-91F2-7551BEAE9D35}"
EndProject
Project("{2150E333-8FDC-42A3-9474-1A3956D46DE8}") = "1. Services", "1. Services", "{07E8E014-9593-4AE5-97EA-C813B2F18F54}"
EndProject
Project("{9A19103F-16F7-4668-BE54-9A1E7A4F7556}") = "TwitterAnalysis.App.Services", "TwitterAnalysis.App.Services\TwitterAnalysis.App.Services.csproj", "{CE5865EB-98EF-44D1-B8FF-E1152D7C8DC2}"
EndProject
Project("{2150E333-8FDC-42A3-9474-1A3956D46DE8}") = "3. Validations", "3. Validations", "{AB921758-DFD5-4081-8613-A845C8D383E6}"
EndProject
Project("{9A19103F-16F7-4668-BE54-9A1E7A4F7556}") = "TwitterAnalysis.Application.Validations", "TwitterAnalysis.Application.Validations\TwitterAnalysis.Application.Validations.csproj", "{842998A0-004B-42C1-BB7E-01BD2918243D}"
EndProject
Project("{9A19103F-16F7-4668-BE54-9A1E7A4F7556}") = "TwitterAnalysis.Application.Messages", "TwitterAnalysis.Application.Messages\TwitterAnalysis.Application.Messages.csproj", "{E147FDC3-1412-43B2-9C91-C0A8431FEF79}"
EndProject
Project("{2150E333-8FDC-42A3-9474-1A3956D46DE8}") = "4. Mappers", "4. Mappers", "{C2A2C1E0-E697-4201-952F-4111E1609647}"
EndProject
Project("{9A19103F-16F7-4668-BE54-9A1E7A4F7556}") = "TwitterAnalysis.Application.Mapper", "TwitterAnalysis.Application.Mapper\TwitterAnalysis.Application.Mapper.csproj", "{23AFAC06-DAC6-4F14-B25C-9ABF19B7AAC0}"
EndProject
Project("{2150E333-8FDC-42A3-9474-1A3956D46DE8}") = "1. Data", "1. Data", "{D1220996-3572-4C7A-9DEE-1875A8CE950C}"
EndProject
Project("{2150E333-8FDC-42A3-9474-1A3956D46DE8}") = "2. Twitter Gateway", "2. Twitter Gateway", "{09BC74B7-7383-4B3D-B70B-D16881217F75}"
EndProject
Project("{9A19103F-16F7-4668-BE54-9A1E7A4F7556}") = "TwitterAnalysis.Infrastructure.Service.Gateway", "TwitterAnalysis.Infrastructure.Service.Gateway\TwitterAnalysis.Infrastructure.Service.Gateway.csproj", "{01B6DD91-ECE4-4150-A0A8-80B042590264}"
EndProject
Project("{2150E333-8FDC-42A3-9474-1A3956D46DE8}") = "2. Models", "2. Models", "{744F0D84-5AA5-49E8-931C-306F762915E1}"
EndProject
Project("{9A19103F-16F7-4668-BE54-9A1E7A4F7556}") = "TwitterAnalysis.App.Service.Model", "TwitterAnalysis.App.Service.Model\TwitterAnalysis.App.Service.Model.csproj", "{9CAD09AE-6B04-4F05-9713-198E816353E7}"
EndProject
Project("{9A19103F-16F7-4668-BE54-9A1E7A4F7556}") = "TwitterAnalysis.Infrastructure.Data", "TwitterAnalysis.Infrastructure.Data\TwitterAnalysis.Infrastructure.Data.csproj", "{75F1F739-3B8A-4428-9604-DC15D1E2958A}"
EndProject
Project("{2150E333-8FDC-42A3-9474-1A3956D46DE8}") = "3. Common", "3. Common", "{3A3BA175-1DAF-4532-A437-5911E8885A91}"
EndProject
Project("{9A19103F-16F7-4668-BE54-9A1E7A4F7556}") = "TwitterAnalysis.Test", "TwitterAnalysis.Test\TwitterAnalysis.Test.csproj", "{6599196A-5D1B-414F-ACE4-02AD3CFF39CF}"
EndProject
Project("{9A19103F-16F7-4668-BE54-9A1E7A4F7556}") = "TwitterAnalysis.Benchmark", "TwitterAnalysis.Benchmark\TwitterAnalysis.Benchmark.csproj", "{46CDD363-36E0-4B9C-A0C9-8D3481624907}"
EndProject
Project("{9A19103F-16F7-4668-BE54-9A1E7A4F7556}") = "TwitterAnalysis.App.Service.Common", "TwitterAnalysis.App.Service.Common\TwitterAnalysis.App.Service.Common.csproj", "{1B1486F3-676A-4474-BF15-01A132DAEDB1}"
EndProject
Project("{9A19103F-16F7-4668-BE54-9A1E7A4F7556}") = "TwitterAnalysis.Worker", "TwitterAnalysis.Worker\TwitterAnalysis.Worker.csproj", "{673B6A19-9D35-47A5-AAFB-AE588431D9EB}"
EndProject
Project("{9A19103F-16F7-4668-BE54-9A1E7A4F7556}") = "TwitterAnalysis.Host", "TwitterAnalysis.Host\TwitterAnalysis.Host.csproj", "{0CB57F3D-356B-4E46-AA2F-4D00C75C419F}"
EndProject
Project("{2150E333-8FDC-42A3-9474-1A3956D46DE8}") = "3. Dependency Injection", "3. Dependency Injection", "{A297CBA3-6F13-427A-B08B-32916CE142A9}"
EndProject
Project("{9A19103F-16F7-4668-BE54-9A1E7A4F7556}") = "TwitterAnalysis.Infrastructure.DI", "TwitterAnalysis.Infrastructure.DI\TwitterAnalysis.Infrastructure.DI.csproj", "{553C6C46-AB4F-412D-98AA-FD74DA54C91C}"
EndProject
Project("{2150E333-8FDC-42A3-9474-1A3956D46DE8}") = "5. Middlewares", "5. Middlewares", "{859BC765-EDA0-4DBB-8695-D241BCE5AB96}"
EndProject
Project("{9A19103F-16F7-4668-BE54-9A1E7A4F7556}") = "TwitterAnalysis.Application.Middleware", "TwitterAnalysis.Application.Middleware\TwitterAnalysis.Application.Middleware.csproj", "{0EA903CA-2463-4429-BAB7-6FDD2E832CD9}"
EndProject
Project("{2150E333-8FDC-42A3-9474-1A3956D46DE8}") = "4. Authentication", "4. Authentication", "{2191C2D4-E3F9-49E6-8D97-C143A2446FDF}"
EndProject
Project("{9A19103F-16F7-4668-BE54-9A1E7A4F7556}") = "TwitterAnalysis.Infrastructure.Auth", "TwitterAnalysis.Infrastructure.Auth\TwitterAnalysis.Infrastructure.Auth.csproj", "{CA655128-2C4A-4B37-884D-B87A713292BC}"
EndProject
Project("{2150E333-8FDC-42A3-9474-1A3956D46DE8}") = "6. Authentication", "6. Authentication", "{F14FACBF-369E-4C1B-98C9-5307B6A2C7E0}"
EndProject
Project("{9A19103F-16F7-4668-BE54-9A1E7A4F7556}") = "TwitterAnalysis.Application.Auth", "TwitterAnalysis.Application.Auth\TwitterAnalysis.Application.Auth.csproj", "{8B3FC08A-B315-4B78-BE90-0A20C1FE644B}"
EndProject
Project("{2150E333-8FDC-42A3-9474-1A3956D46DE8}") = "5. Cache", "5. Cache", "{C2AD9C53-BFF4-4126-AC3E-36F4426EA385}"
EndProject
Project("{FAE04EC0-301F-11D3-BF4B-00C04F79EFBC}") = "TwitterAnalysis.Infrastructure.Cache", "TwitterAnalysis.Infrastructure.Cache\TwitterAnalysis.Infrastructure.Cache.csproj", "{7BFF99EF-30F5-49E6-AFA2-32E74984D0B2}"
EndProject
Project("{2150E333-8FDC-42A3-9474-1A3956D46DE8}") = "6. Utils", "6. Utils", "{02EA681E-C7D8-13C7-8484-4AC65E1B71E8}"
EndProject
Project("{FAE04EC0-301F-11D3-BF4B-00C04F79EFBC}") = "TwitterAnalysis.Infrastructure.Utils", "TwitterAnalysis.Infrastructure.Utils\TwitterAnalysis.Infrastructure.Utils.csproj", "{0DA40C3D-4BE2-4A5B-8AEB-0FA253A94A84}"
EndProject
Global
	GlobalSection(SolutionConfigurationPlatforms) = preSolution
		Debug|Any CPU = Debug|Any CPU
		Release|Any CPU = Release|Any CPU
	EndGlobalSection
	GlobalSection(ProjectConfigurationPlatforms) = postSolution
		{B80CA537-87E2-4222-91F2-7551BEAE9D35}.Debug|Any CPU.ActiveCfg = Debug|Any CPU
		{B80CA537-87E2-4222-91F2-7551BEAE9D35}.Debug|Any CPU.Build.0 = Debug|Any CPU
		{B80CA537-87E2-4222-91F2-7551BEAE9D35}.Release|Any CPU.ActiveCfg = Release|Any CPU
		{B80CA537-87E2-4222-91F2-7551BEAE9D35}.Release|Any CPU.Build.0 = Release|Any CPU
		{CE5865EB-98EF-44D1-B8FF-E1152D7C8DC2}.Debug|Any CPU.ActiveCfg = Debug|Any CPU
		{CE5865EB-98EF-44D1-B8FF-E1152D7C8DC2}.Debug|Any CPU.Build.0 = Debug|Any CPU
		{CE5865EB-98EF-44D1-B8FF-E1152D7C8DC2}.Release|Any CPU.ActiveCfg = Release|Any CPU
		{CE5865EB-98EF-44D1-B8FF-E1152D7C8DC2}.Release|Any CPU.Build.0 = Release|Any CPU
		{842998A0-004B-42C1-BB7E-01BD2918243D}.Debug|Any CPU.ActiveCfg = Debug|Any CPU
		{842998A0-004B-42C1-BB7E-01BD2918243D}.Debug|Any CPU.Build.0 = Debug|Any CPU
		{842998A0-004B-42C1-BB7E-01BD2918243D}.Release|Any CPU.ActiveCfg = Release|Any CPU
		{842998A0-004B-42C1-BB7E-01BD2918243D}.Release|Any CPU.Build.0 = Release|Any CPU
		{E147FDC3-1412-43B2-9C91-C0A8431FEF79}.Debug|Any CPU.ActiveCfg = Debug|Any CPU
		{E147FDC3-1412-43B2-9C91-C0A8431FEF79}.Debug|Any CPU.Build.0 = Debug|Any CPU
		{E147FDC3-1412-43B2-9C91-C0A8431FEF79}.Release|Any CPU.ActiveCfg = Release|Any CPU
		{E147FDC3-1412-43B2-9C91-C0A8431FEF79}.Release|Any CPU.Build.0 = Release|Any CPU
		{23AFAC06-DAC6-4F14-B25C-9ABF19B7AAC0}.Debug|Any CPU.ActiveCfg = Debug|Any CPU
		{23AFAC06-DAC6-4F14-B25C-9ABF19B7AAC0}.Debug|Any CPU.Build.0 = Debug|Any CPU
		{23AFAC06-DAC6-4F14-B25C-9ABF19B7AAC0}.Release|Any CPU.ActiveCfg = Release|Any CPU
		{23AFAC06-DAC6-4F14-B25C-9ABF19B7AAC0}.Release|Any CPU.Build.0 = Release|Any CPU
		{01B6DD91-ECE4-4150-A0A8-80B042590264}.Debug|Any CPU.ActiveCfg = Debug|Any CPU
		{01B6DD91-ECE4-4150-A0A8-80B042590264}.Debug|Any CPU.Build.0 = Debug|Any CPU
		{01B6DD91-ECE4-4150-A0A8-80B042590264}.Release|Any CPU.ActiveCfg = Release|Any CPU
		{01B6DD91-ECE4-4150-A0A8-80B042590264}.Release|Any CPU.Build.0 = Release|Any CPU
		{9CAD09AE-6B04-4F05-9713-198E816353E7}.Debug|Any CPU.ActiveCfg = Debug|Any CPU
		{9CAD09AE-6B04-4F05-9713-198E816353E7}.Debug|Any CPU.Build.0 = Debug|Any CPU
		{9CAD09AE-6B04-4F05-9713-198E816353E7}.Release|Any CPU.ActiveCfg = Release|Any CPU
		{9CAD09AE-6B04-4F05-9713-198E816353E7}.Release|Any CPU.Build.0 = Release|Any CPU
		{75F1F739-3B8A-4428-9604-DC15D1E2958A}.Debug|Any CPU.ActiveCfg = Debug|Any CPU
		{75F1F739-3B8A-4428-9604-DC15D1E2958A}.Debug|Any CPU.Build.0 = Debug|Any CPU
		{75F1F739-3B8A-4428-9604-DC15D1E2958A}.Release|Any CPU.ActiveCfg = Release|Any CPU
		{75F1F739-3B8A-4428-9604-DC15D1E2958A}.Release|Any CPU.Build.0 = Release|Any CPU
		{6599196A-5D1B-414F-ACE4-02AD3CFF39CF}.Debug|Any CPU.ActiveCfg = Debug|Any CPU
		{6599196A-5D1B-414F-ACE4-02AD3CFF39CF}.Debug|Any CPU.Build.0 = Debug|Any CPU
		{6599196A-5D1B-414F-ACE4-02AD3CFF39CF}.Release|Any CPU.ActiveCfg = Release|Any CPU
		{6599196A-5D1B-414F-ACE4-02AD3CFF39CF}.Release|Any CPU.Build.0 = Release|Any CPU
		{46CDD363-36E0-4B9C-A0C9-8D3481624907}.Debug|Any CPU.ActiveCfg = Debug|Any CPU
		{46CDD363-36E0-4B9C-A0C9-8D3481624907}.Debug|Any CPU.Build.0 = Debug|Any CPU
		{46CDD363-36E0-4B9C-A0C9-8D3481624907}.Release|Any CPU.ActiveCfg = Release|Any CPU
		{46CDD363-36E0-4B9C-A0C9-8D3481624907}.Release|Any CPU.Build.0 = Release|Any CPU
		{1B1486F3-676A-4474-BF15-01A132DAEDB1}.Debug|Any CPU.ActiveCfg = Debug|Any CPU
		{1B1486F3-676A-4474-BF15-01A132DAEDB1}.Debug|Any CPU.Build.0 = Debug|Any CPU
		{1B1486F3-676A-4474-BF15-01A132DAEDB1}.Release|Any CPU.ActiveCfg = Release|Any CPU
		{1B1486F3-676A-4474-BF15-01A132DAEDB1}.Release|Any CPU.Build.0 = Release|Any CPU
		{673B6A19-9D35-47A5-AAFB-AE588431D9EB}.Debug|Any CPU.ActiveCfg = Debug|Any CPU
		{673B6A19-9D35-47A5-AAFB-AE588431D9EB}.Debug|Any CPU.Build.0 = Debug|Any CPU
		{673B6A19-9D35-47A5-AAFB-AE588431D9EB}.Release|Any CPU.ActiveCfg = Release|Any CPU
		{673B6A19-9D35-47A5-AAFB-AE588431D9EB}.Release|Any CPU.Build.0 = Release|Any CPU
		{0CB57F3D-356B-4E46-AA2F-4D00C75C419F}.Debug|Any CPU.ActiveCfg = Debug|Any CPU
		{0CB57F3D-356B-4E46-AA2F-4D00C75C419F}.Debug|Any CPU.Build.0 = Debug|Any CPU
		{0CB57F3D-356B-4E46-AA2F-4D00C75C419F}.Release|Any CPU.ActiveCfg = Release|Any CPU
		{0CB57F3D-356B-4E46-AA2F-4D00C75C419F}.Release|Any CPU.Build.0 = Release|Any CPU
		{553C6C46-AB4F-412D-98AA-FD74DA54C91C}.Debug|Any CPU.ActiveCfg = Debug|Any CPU
		{553C6C46-AB4F-412D-98AA-FD74DA54C91C}.Debug|Any CPU.Build.0 = Debug|Any CPU
		{553C6C46-AB4F-412D-98AA-FD74DA54C91C}.Release|Any CPU.ActiveCfg = Release|Any CPU
		{553C6C46-AB4F-412D-98AA-FD74DA54C91C}.Release|Any CPU.Build.0 = Release|Any CPU
		{0EA903CA-2463-4429-BAB7-6FDD2E832CD9}.Debug|Any CPU.ActiveCfg = Debug|Any CPU
		{0EA903CA-2463-4429-BAB7-6FDD2E832CD9}.Debug|Any CPU.Build.0 = Debug|Any CPU
		{0EA903CA-2463-4429-BAB7-6FDD2E832CD9}.Release|Any CPU.ActiveCfg = Release|Any CPU
		{0EA903CA-2463-4429-BAB7-6FDD2E832CD9}.Release|Any CPU.Build.0 = Release|Any CPU
		{CA655128-2C4A-4B37-884D-B87A713292BC}.Debug|Any CPU.ActiveCfg = Debug|Any CPU
		{CA655128-2C4A-4B37-884D-B87A713292BC}.Debug|Any CPU.Build.0 = Debug|Any CPU
		{CA655128-2C4A-4B37-884D-B87A713292BC}.Release|Any CPU.ActiveCfg = Release|Any CPU
		{CA655128-2C4A-4B37-884D-B87A713292BC}.Release|Any CPU.Build.0 = Release|Any CPU
		{8B3FC08A-B315-4B78-BE90-0A20C1FE644B}.Debug|Any CPU.ActiveCfg = Debug|Any CPU
		{8B3FC08A-B315-4B78-BE90-0A20C1FE644B}.Debug|Any CPU.Build.0 = Debug|Any CPU
		{8B3FC08A-B315-4B78-BE90-0A20C1FE644B}.Release|Any CPU.ActiveCfg = Release|Any CPU
		{8B3FC08A-B315-4B78-BE90-0A20C1FE644B}.Release|Any CPU.Build.0 = Release|Any CPU
		{7BFF99EF-30F5-49E6-AFA2-32E74984D0B2}.Debug|Any CPU.ActiveCfg = Debug|Any CPU
		{7BFF99EF-30F5-49E6-AFA2-32E74984D0B2}.Debug|Any CPU.Build.0 = Debug|Any CPU
		{7BFF99EF-30F5-49E6-AFA2-32E74984D0B2}.Release|Any CPU.ActiveCfg = Release|Any CPU
		{7BFF99EF-30F5-49E6-AFA2-32E74984D0B2}.Release|Any CPU.Build.0 = Release|Any CPU
		{0DA40C3D-4BE2-4A5B-8AEB-0FA253A94A84}.Debug|Any CPU.ActiveCfg = Debug|Any CPU
		{0DA40C3D-4BE2-4A5B-8AEB-0FA253A94A84}.Debug|Any CPU.Build.0 = Debug|Any CPU
		{0DA40C3D-4BE2-4A5B-8AEB-0FA253A94A84}.Release|Any CPU.ActiveCfg = Release|Any CPU
		{0DA40C3D-4BE2-4A5B-8AEB-0FA253A94A84}.Release|Any CPU.Build.0 = Release|Any CPU
	EndGlobalSection
	GlobalSection(SolutionProperties) = preSolution
		HideSolutionNode = FALSE
	EndGlobalSection
	GlobalSection(NestedProjects) = preSolution
		{13563E11-9FE9-4F1B-BCA9-07B3D133E24A} = {3534A992-81D8-47B7-BB91-EE9D4749C50E}
		{A7FAFD83-21DE-4092-ADA9-993A4E17D24F} = {3534A992-81D8-47B7-BB91-EE9D4749C50E}
		{2AF14ABE-72BC-490B-BE23-C5652F198804} = {3534A992-81D8-47B7-BB91-EE9D4749C50E}
		{67D3ED35-275F-48F6-8E93-C8315C6101E7} = {3534A992-81D8-47B7-BB91-EE9D4749C50E}
		{D6FEE430-FAF2-48EC-8CD5-02213D6F0C43} = {3534A992-81D8-47B7-BB91-EE9D4749C50E}
		{EEEFA295-9D82-4C1F-B803-0C3288E22CBD} = {A7FAFD83-21DE-4092-ADA9-993A4E17D24F}
		{3EFC2CD6-F57F-4919-80B1-61C035D2539C} = {A7FAFD83-21DE-4092-ADA9-993A4E17D24F}
		{B80CA537-87E2-4222-91F2-7551BEAE9D35} = {3EFC2CD6-F57F-4919-80B1-61C035D2539C}
		{07E8E014-9593-4AE5-97EA-C813B2F18F54} = {2AF14ABE-72BC-490B-BE23-C5652F198804}
		{CE5865EB-98EF-44D1-B8FF-E1152D7C8DC2} = {07E8E014-9593-4AE5-97EA-C813B2F18F54}
		{AB921758-DFD5-4081-8613-A845C8D383E6} = {A7FAFD83-21DE-4092-ADA9-993A4E17D24F}
		{842998A0-004B-42C1-BB7E-01BD2918243D} = {AB921758-DFD5-4081-8613-A845C8D383E6}
		{E147FDC3-1412-43B2-9C91-C0A8431FEF79} = {EEEFA295-9D82-4C1F-B803-0C3288E22CBD}
		{C2A2C1E0-E697-4201-952F-4111E1609647} = {A7FAFD83-21DE-4092-ADA9-993A4E17D24F}
		{23AFAC06-DAC6-4F14-B25C-9ABF19B7AAC0} = {C2A2C1E0-E697-4201-952F-4111E1609647}
		{D1220996-3572-4C7A-9DEE-1875A8CE950C} = {67D3ED35-275F-48F6-8E93-C8315C6101E7}
		{09BC74B7-7383-4B3D-B70B-D16881217F75} = {67D3ED35-275F-48F6-8E93-C8315C6101E7}
		{01B6DD91-ECE4-4150-A0A8-80B042590264} = {09BC74B7-7383-4B3D-B70B-D16881217F75}
		{744F0D84-5AA5-49E8-931C-306F762915E1} = {2AF14ABE-72BC-490B-BE23-C5652F198804}
		{9CAD09AE-6B04-4F05-9713-198E816353E7} = {744F0D84-5AA5-49E8-931C-306F762915E1}
		{75F1F739-3B8A-4428-9604-DC15D1E2958A} = {D1220996-3572-4C7A-9DEE-1875A8CE950C}
		{3A3BA175-1DAF-4532-A437-5911E8885A91} = {2AF14ABE-72BC-490B-BE23-C5652F198804}
		{6599196A-5D1B-414F-ACE4-02AD3CFF39CF} = {D6FEE430-FAF2-48EC-8CD5-02213D6F0C43}
		{46CDD363-36E0-4B9C-A0C9-8D3481624907} = {D6FEE430-FAF2-48EC-8CD5-02213D6F0C43}
		{1B1486F3-676A-4474-BF15-01A132DAEDB1} = {3A3BA175-1DAF-4532-A437-5911E8885A91}
		{673B6A19-9D35-47A5-AAFB-AE588431D9EB} = {13563E11-9FE9-4F1B-BCA9-07B3D133E24A}
		{0CB57F3D-356B-4E46-AA2F-4D00C75C419F} = {13563E11-9FE9-4F1B-BCA9-07B3D133E24A}
		{A297CBA3-6F13-427A-B08B-32916CE142A9} = {67D3ED35-275F-48F6-8E93-C8315C6101E7}
		{553C6C46-AB4F-412D-98AA-FD74DA54C91C} = {A297CBA3-6F13-427A-B08B-32916CE142A9}
		{859BC765-EDA0-4DBB-8695-D241BCE5AB96} = {A7FAFD83-21DE-4092-ADA9-993A4E17D24F}
		{0EA903CA-2463-4429-BAB7-6FDD2E832CD9} = {859BC765-EDA0-4DBB-8695-D241BCE5AB96}
		{2191C2D4-E3F9-49E6-8D97-C143A2446FDF} = {67D3ED35-275F-48F6-8E93-C8315C6101E7}
		{CA655128-2C4A-4B37-884D-B87A713292BC} = {2191C2D4-E3F9-49E6-8D97-C143A2446FDF}
		{F14FACBF-369E-4C1B-98C9-5307B6A2C7E0} = {A7FAFD83-21DE-4092-ADA9-993A4E17D24F}
		{8B3FC08A-B315-4B78-BE90-0A20C1FE644B} = {F14FACBF-369E-4C1B-98C9-5307B6A2C7E0}
		{C2AD9C53-BFF4-4126-AC3E-36F4426EA385} = {67D3ED35-275F-48F6-8E93-C8315C6101E7}
		{7BFF99EF-30F5-49E6-AFA2-32E74984D0B2} = {C2AD9C53-BFF4-4126-AC3E-36F4426EA385}
		{02EA681E-C7D8-13C7-8484-4AC65E1B71E8} = {67D3ED35-275F-48F6-8E93-C8315C6101E7}
		{0DA40C3D-4BE2-4A5B-8AEB-0FA253A94A84} = {02EA681E-C7D8-13C7-8484-4AC65E1B71E8}
	EndGlobalSection
	GlobalSection(ExtensibilityGlobals) = postSolution
		SolutionGuid = {3FAEFDF5-E4C9-46CC-845E-A58925F6E5A9}
	EndGlobalSection
EndGlobal
